
Microsoft Visual Studio Solution File, Format Version 12.00
# Visual Studio Version 17
VisualStudioVersion = 17.0.32014.148
MinimumVisualStudioVersion = 10.0.40219.1
Project("{F2A71F9B-5D33-465A-A702-920D77279786}") = "FileToCHex", "FileToCHex.fsproj", "{8439E28E-2B33-4068-9F3C-5C2CFCC85C5D}"
EndProject
Global
	GlobalSection(SolutionConfigurationPlatforms) = preSolution
		Debug|Any CPU = Debug|Any CPU
		Release|Any CPU = Release|Any CPU
	EndGlobalSection
	GlobalSection(ProjectConfigurationPlatforms) = postSolution
		{8439E28E-2B33-4068-9F3C-5C2CFCC85C5D}.Debug|Any CPU.ActiveCfg = Debug|Any CPU
		{8439E28E-2B33-4068-9F3C-5C2CFCC85C5D}.Debug|Any CPU.Build.0 = Debug|Any CPU
		{8439E28E-2B33-4068-9F3C-5C2CFCC85C5D}.Release|Any CPU.ActiveCfg = Release|Any CPU
		{8439E28E-2B33-4068-9F3C-5C2CFCC85C5D}.Release|Any CPU.Build.0 = Release|Any CPU
	EndGlobalSection
	GlobalSection(SolutionProperties) = preSolution
		HideSolutionNode = FALSE
	EndGlobalSection
	GlobalSection(ExtensibilityGlobals) = postSolution
		SolutionGuid = {27567A0A-BA30-4F9B-A1AD-071D1C7A71EA}
	EndGlobalSection
EndGlobal
